
Microsoft Visual Studio Solution File, Format Version 12.00
# Visual Studio Version 16
VisualStudioVersion = 16.0.30002.166
MinimumVisualStudioVersion = 10.0.40219.1
Project("{FAE04EC0-301F-11D3-BF4B-00C04F79EFBC}") = "Task2", "Task2\Task2.csproj", "{1C8CD67E-D5DE-4404-8F52-C206AD8E3510}"
EndProject
Global
	GlobalSection(SolutionConfigurationPlatforms) = preSolution
		Debug|Any CPU = Debug|Any CPU
		Release|Any CPU = Release|Any CPU
	EndGlobalSection
	GlobalSection(ProjectConfigurationPlatforms) = postSolution
		{1C8CD67E-D5DE-4404-8F52-C206AD8E3510}.Debug|Any CPU.ActiveCfg = Debug|Any CPU
		{1C8CD67E-D5DE-4404-8F52-C206AD8E3510}.Debug|Any CPU.Build.0 = Debug|Any CPU
		{1C8CD67E-D5DE-4404-8F52-C206AD8E3510}.Release|Any CPU.ActiveCfg = Release|Any CPU
		{1C8CD67E-D5DE-4404-8F52-C206AD8E3510}.Release|Any CPU.Build.0 = Release|Any CPU
	EndGlobalSection
	GlobalSection(SolutionProperties) = preSolution
		HideSolutionNode = FALSE
	EndGlobalSection
	GlobalSection(ExtensibilityGlobals) = postSolution
		SolutionGuid = {FD6F7372-A12A-4088-8731-DC52E340C0F2}
	EndGlobalSection
EndGlobal
